
Microsoft Visual Studio Solution File, Format Version 12.00
# Visual Studio Version 16
VisualStudioVersion = 16.0.30907.101
MinimumVisualStudioVersion = 10.0.40219.1
Project("{FAE04EC0-301F-11D3-BF4B-00C04F79EFBC}") = "Sklad", "Sklad\Sklad.csproj", "{8381F3E0-47B8-4B3D-8117-ABE70777D45A}"
EndProject
Global
	GlobalSection(SolutionConfigurationPlatforms) = preSolution
		Debug|Any CPU = Debug|Any CPU
		Release|Any CPU = Release|Any CPU
	EndGlobalSection
	GlobalSection(ProjectConfigurationPlatforms) = postSolution
		{8381F3E0-47B8-4B3D-8117-ABE70777D45A}.Debug|Any CPU.ActiveCfg = Debug|Any CPU
		{8381F3E0-47B8-4B3D-8117-ABE70777D45A}.Debug|Any CPU.Build.0 = Debug|Any CPU
		{8381F3E0-47B8-4B3D-8117-ABE70777D45A}.Release|Any CPU.ActiveCfg = Release|Any CPU
		{8381F3E0-47B8-4B3D-8117-ABE70777D45A}.Release|Any CPU.Build.0 = Release|Any CPU
	EndGlobalSection
	GlobalSection(SolutionProperties) = preSolution
		HideSolutionNode = FALSE
	EndGlobalSection
	GlobalSection(ExtensibilityGlobals) = postSolution
		SolutionGuid = {32B3AFAA-BE3C-407C-8876-53DD53450D11}
	EndGlobalSection
EndGlobal
